
Microsoft Visual Studio Solution File, Format Version 12.00
# Visual Studio 14
VisualStudioVersion = 14.0.25420.1
MinimumVisualStudioVersion = 10.0.40219.1
Project("{2150E333-8FDC-42A3-9474-1A3956D46DE8}") = "2 - Api", "2 - Api", "{91BFCC45-8812-478F-8334-B0550DC1DA12}"
EndProject
Project("{FAE04EC0-301F-11D3-BF4B-00C04F79EFBC}") = "SmnHelpDesk.Api", "SmnHelpDesk.Api\SmnHelpDesk.Api.csproj", "{F2B09607-FE61-4E09-9AEA-2CD0E4C8EC75}"
EndProject
Project("{FAE04EC0-301F-11D3-BF4B-00C04F79EFBC}") = "SmnHelpDesk.Domain", "SmnHelpDesk.Domain\SmnHelpDesk.Domain.csproj", "{C0548AAA-6E77-4052-8BE3-D048A396E034}"
EndProject
Project("{FAE04EC0-301F-11D3-BF4B-00C04F79EFBC}") = "SmnHelpDesk.Repository", "SmnHelpDesk.Repository\SmnHelpDesk.Repository.csproj", "{3631453E-0DC8-4CE8-B8D1-AB6AC64EF124}"
EndProject
Global
	GlobalSection(SolutionConfigurationPlatforms) = preSolution
		Debug|Any CPU = Debug|Any CPU
		Release|Any CPU = Release|Any CPU
	EndGlobalSection
	GlobalSection(ProjectConfigurationPlatforms) = postSolution
		{F2B09607-FE61-4E09-9AEA-2CD0E4C8EC75}.Debug|Any CPU.ActiveCfg = Debug|Any CPU
		{F2B09607-FE61-4E09-9AEA-2CD0E4C8EC75}.Debug|Any CPU.Build.0 = Debug|Any CPU
		{F2B09607-FE61-4E09-9AEA-2CD0E4C8EC75}.Release|Any CPU.ActiveCfg = Release|Any CPU
		{F2B09607-FE61-4E09-9AEA-2CD0E4C8EC75}.Release|Any CPU.Build.0 = Release|Any CPU
		{C0548AAA-6E77-4052-8BE3-D048A396E034}.Debug|Any CPU.ActiveCfg = Debug|Any CPU
		{C0548AAA-6E77-4052-8BE3-D048A396E034}.Debug|Any CPU.Build.0 = Debug|Any CPU
		{C0548AAA-6E77-4052-8BE3-D048A396E034}.Release|Any CPU.ActiveCfg = Release|Any CPU
		{C0548AAA-6E77-4052-8BE3-D048A396E034}.Release|Any CPU.Build.0 = Release|Any CPU
		{3631453E-0DC8-4CE8-B8D1-AB6AC64EF124}.Debug|Any CPU.ActiveCfg = Debug|Any CPU
		{3631453E-0DC8-4CE8-B8D1-AB6AC64EF124}.Debug|Any CPU.Build.0 = Debug|Any CPU
		{3631453E-0DC8-4CE8-B8D1-AB6AC64EF124}.Release|Any CPU.ActiveCfg = Release|Any CPU
		{3631453E-0DC8-4CE8-B8D1-AB6AC64EF124}.Release|Any CPU.Build.0 = Release|Any CPU
	EndGlobalSection
	GlobalSection(SolutionProperties) = preSolution
		HideSolutionNode = FALSE
	EndGlobalSection
	GlobalSection(NestedProjects) = preSolution
		{F2B09607-FE61-4E09-9AEA-2CD0E4C8EC75} = {91BFCC45-8812-478F-8334-B0550DC1DA12}
		{C0548AAA-6E77-4052-8BE3-D048A396E034} = {91BFCC45-8812-478F-8334-B0550DC1DA12}
		{3631453E-0DC8-4CE8-B8D1-AB6AC64EF124} = {91BFCC45-8812-478F-8334-B0550DC1DA12}
	EndGlobalSection
EndGlobal
